
Microsoft Visual Studio Solution File, Format Version 12.00
# Visual Studio Version 16
VisualStudioVersion = 16.0.31005.135
MinimumVisualStudioVersion = 10.0.40219.1
Project("{8BC9CEB8-8B4A-11D0-8D11-00A0C91BC942}") = "Chapter11HW", "Chapter11HW\Chapter11HW.vcxproj", "{39168C1D-7229-4F0D-AF4D-E4367DC5634E}"
EndProject
Global
	GlobalSection(SolutionConfigurationPlatforms) = preSolution
		Debug|x64 = Debug|x64
		Debug|x86 = Debug|x86
		Release|x64 = Release|x64
		Release|x86 = Release|x86
	EndGlobalSection
	GlobalSection(ProjectConfigurationPlatforms) = postSolution
		{39168C1D-7229-4F0D-AF4D-E4367DC5634E}.Debug|x64.ActiveCfg = Debug|x64
		{39168C1D-7229-4F0D-AF4D-E4367DC5634E}.Debug|x64.Build.0 = Debug|x64
		{39168C1D-7229-4F0D-AF4D-E4367DC5634E}.Debug|x86.ActiveCfg = Debug|Win32
		{39168C1D-7229-4F0D-AF4D-E4367DC5634E}.Debug|x86.Build.0 = Debug|Win32
		{39168C1D-7229-4F0D-AF4D-E4367DC5634E}.Release|x64.ActiveCfg = Release|x64
		{39168C1D-7229-4F0D-AF4D-E4367DC5634E}.Release|x64.Build.0 = Release|x64
		{39168C1D-7229-4F0D-AF4D-E4367DC5634E}.Release|x86.ActiveCfg = Release|Win32
		{39168C1D-7229-4F0D-AF4D-E4367DC5634E}.Release|x86.Build.0 = Release|Win32
	EndGlobalSection
	GlobalSection(SolutionProperties) = preSolution
		HideSolutionNode = FALSE
	EndGlobalSection
	GlobalSection(ExtensibilityGlobals) = postSolution
		SolutionGuid = {B3E4ACD3-C7DA-4427-ABFB-190C11D1AB67}
	EndGlobalSection
EndGlobal
